
Microsoft Visual Studio Solution File, Format Version 12.00
# Visual Studio Version 16
VisualStudioVersion = 16.0.31624.102
MinimumVisualStudioVersion = 10.0.40219.1
Project("{FAE04EC0-301F-11D3-BF4B-00C04F79EFBC}") = "MinApp", "MinApp\MinApp.csproj", "{5D47CD67-E268-47F8-9BA8-542440F44547}"
EndProject
Project("{FAE04EC0-301F-11D3-BF4B-00C04F79EFBC}") = "TestMinApp", "TestMinApp\TestMinApp.csproj", "{6A289C0E-24AE-4BD8-BE4C-AC1344B867EF}"
EndProject
Global
	GlobalSection(SolutionConfigurationPlatforms) = preSolution
		Debug|Any CPU = Debug|Any CPU
		Release|Any CPU = Release|Any CPU
	EndGlobalSection
	GlobalSection(ProjectConfigurationPlatforms) = postSolution
		{5D47CD67-E268-47F8-9BA8-542440F44547}.Debug|Any CPU.ActiveCfg = Debug|Any CPU
		{5D47CD67-E268-47F8-9BA8-542440F44547}.Debug|Any CPU.Build.0 = Debug|Any CPU
		{5D47CD67-E268-47F8-9BA8-542440F44547}.Release|Any CPU.ActiveCfg = Release|Any CPU
		{5D47CD67-E268-47F8-9BA8-542440F44547}.Release|Any CPU.Build.0 = Release|Any CPU
		{6A289C0E-24AE-4BD8-BE4C-AC1344B867EF}.Debug|Any CPU.ActiveCfg = Debug|Any CPU
		{6A289C0E-24AE-4BD8-BE4C-AC1344B867EF}.Debug|Any CPU.Build.0 = Debug|Any CPU
		{6A289C0E-24AE-4BD8-BE4C-AC1344B867EF}.Release|Any CPU.ActiveCfg = Release|Any CPU
		{6A289C0E-24AE-4BD8-BE4C-AC1344B867EF}.Release|Any CPU.Build.0 = Release|Any CPU
	EndGlobalSection
	GlobalSection(SolutionProperties) = preSolution
		HideSolutionNode = FALSE
	EndGlobalSection
	GlobalSection(ExtensibilityGlobals) = postSolution
		SolutionGuid = {A528E471-2524-4F70-B13B-693167ACD567}
	EndGlobalSection
EndGlobal
